%{"gherkin": {:hex, :gherkin, "1.0.0", "b32e44d67bd8b55149caff8c369517b2ab84fbd3822556f7f963277e82d316f3", [:mix], []},
  "nimble_csv": {:hex, :nimble_csv, "0.1.1", "15b20120cba14f25c33a85a2ae41413e4aa9d2f6cf24b09e9befb9fc2a8a8013", [:mix], []},
  "white_bread": {:hex, :white_bread, "3.1.0", "fc261fdd1d38f4090678df1158f8494c6c897c1bdf164602ff568bc611f15c42", [:mix], [{:gherkin, "~> 1.0", [hex: :gherkin, optional: false]}]}}
